
Microsoft Visual Studio Solution File, Format Version 12.00
Project("{FAE04EC0-301F-11D3-BF4B-00C04F79EFBC}") = "Api", "Api\Api.csproj", "{599C077C-2053-49FB-9C0F-D36A19F05A7D}"
EndProject
Project("{FAE04EC0-301F-11D3-BF4B-00C04F79EFBC}") = "Hannibal", "application\Hannibal\Hannibal.csproj", "{D1AEF81A-F693-45E3-AAB1-E7CF20FFA2B2}"
EndProject
Project("{2150E333-8FDC-42A3-9474-1A3956D46DE8}") = "Application", "Application", "{F59EAE49-3A3C-4E00-BDCF-8B1E345BC7E7}"
EndProject
Global
	GlobalSection(SolutionConfigurationPlatforms) = preSolution
		Debug|Any CPU = Debug|Any CPU
		Release|Any CPU = Release|Any CPU
	EndGlobalSection
	GlobalSection(ProjectConfigurationPlatforms) = postSolution
		{D1AEF81A-F693-45E3-AAB1-E7CF20FFA2B2}.Debug|Any CPU.ActiveCfg = Debug|Any CPU
		{D1AEF81A-F693-45E3-AAB1-E7CF20FFA2B2}.Debug|Any CPU.Build.0 = Debug|Any CPU
		{D1AEF81A-F693-45E3-AAB1-E7CF20FFA2B2}.Release|Any CPU.ActiveCfg = Release|Any CPU
		{D1AEF81A-F693-45E3-AAB1-E7CF20FFA2B2}.Release|Any CPU.Build.0 = Release|Any CPU
		{599C077C-2053-49FB-9C0F-D36A19F05A7D}.Debug|Any CPU.ActiveCfg = Debug|Any CPU
		{599C077C-2053-49FB-9C0F-D36A19F05A7D}.Debug|Any CPU.Build.0 = Debug|Any CPU
		{599C077C-2053-49FB-9C0F-D36A19F05A7D}.Release|Any CPU.ActiveCfg = Release|Any CPU
		{599C077C-2053-49FB-9C0F-D36A19F05A7D}.Release|Any CPU.Build.0 = Release|Any CPU
	EndGlobalSection
	GlobalSection(NestedProjects) = preSolution
		{D1AEF81A-F693-45E3-AAB1-E7CF20FFA2B2} = {F59EAE49-3A3C-4E00-BDCF-8B1E345BC7E7}
	EndGlobalSection
EndGlobal
